
Microsoft Visual Studio Solution File, Format Version 12.00
# Visual Studio Version 17
VisualStudioVersion = 17.8.34330.188
MinimumVisualStudioVersion = 10.0.40219.1
Project("{FAE04EC0-301F-11D3-BF4B-00C04F79EFBC}") = "projebeyza", "projebeyza\projebeyza.csproj", "{267498B6-D585-4BD9-87A7-34987776C65F}"
EndProject
Global
	GlobalSection(SolutionConfigurationPlatforms) = preSolution
		Debug|Any CPU = Debug|Any CPU
		Release|Any CPU = Release|Any CPU
	EndGlobalSection
	GlobalSection(ProjectConfigurationPlatforms) = postSolution
		{267498B6-D585-4BD9-87A7-34987776C65F}.Debug|Any CPU.ActiveCfg = Debug|Any CPU
		{267498B6-D585-4BD9-87A7-34987776C65F}.Debug|Any CPU.Build.0 = Debug|Any CPU
		{267498B6-D585-4BD9-87A7-34987776C65F}.Release|Any CPU.ActiveCfg = Release|Any CPU
		{267498B6-D585-4BD9-87A7-34987776C65F}.Release|Any CPU.Build.0 = Release|Any CPU
	EndGlobalSection
	GlobalSection(SolutionProperties) = preSolution
		HideSolutionNode = FALSE
	EndGlobalSection
	GlobalSection(ExtensibilityGlobals) = postSolution
		SolutionGuid = {9FD5ACCD-1DD4-43BD-BF12-B96E0D8E3333}
	EndGlobalSection
EndGlobal
